// !$*UTF8*$!
{
	archiveVersion = 1;
	classes = {
	};
	objectVersion = 56;
	objects = {

/* Begin PBXBuildFile section */
		00EA722E29E97BA0003ABFFB /* Transaction.swift in Sources */ = {isa = PBXBuildFile; fileRef = 00EA722D29E97BA0003ABFFB /* Transaction.swift */; };
		00EA723029E97BCA003ABFFB /* TransactionViewModel.swift in Sources */ = {isa = PBXBuildFile; fileRef = 00EA722F29E97BCA003ABFFB /* TransactionViewModel.swift */; };
		00EA723429E97D66003ABFFB /* AddTransactionView.swift in Sources */ = {isa = PBXBuildFile; fileRef = 00EA723329E97D66003ABFFB /* AddTransactionView.swift */; };
		00EA723629E97F93003ABFFB /* TransactionListView.swift in Sources */ = {isa = PBXBuildFile; fileRef = 00EA723529E97F93003ABFFB /* TransactionListView.swift */; };
		00EA723829E9811F003ABFFB /* TransactionHomeView.swift in Sources */ = {isa = PBXBuildFile; fileRef = 00EA723729E9811F003ABFFB /* TransactionHomeView.swift */; };
		306B3EE329E897C300D636D5 /* Job.swift in Sources */ = {isa = PBXBuildFile; fileRef = 306B3EE229E897C300D636D5 /* Job.swift */; };
		306B3EE629E8982F00D636D5 /* JobViewModel.swift in Sources */ = {isa = PBXBuildFile; fileRef = 306B3EE529E8982F00D636D5 /* JobViewModel.swift */; };
		306B3EE929E898BF00D636D5 /* AddJobView.swift in Sources */ = {isa = PBXBuildFile; fileRef = 306B3EE829E898BF00D636D5 /* AddJobView.swift */; };
		306B3EEB29E89A1000D636D5 /* JobListView.swift in Sources */ = {isa = PBXBuildFile; fileRef = 306B3EEA29E89A1000D636D5 /* JobListView.swift */; };
		306B3EEF29E8A1BD00D636D5 /* HomeTabView.swift in Sources */ = {isa = PBXBuildFile; fileRef = 306B3EEE29E8A1BD00D636D5 /* HomeTabView.swift */; };
		306B3EF229EAF89100D636D5 /* SwipeActions in Frameworks */ = {isa = PBXBuildFile; productRef = 306B3EF129EAF89100D636D5 /* SwipeActions */; };
		306B3EF429EAF8CD00D636D5 /* SwipeSandbox.swift in Sources */ = {isa = PBXBuildFile; fileRef = 306B3EF329EAF8CD00D636D5 /* SwipeSandbox.swift */; };
		306B3F1229EB079200D636D5 /* JobTodayView.swift in Sources */ = {isa = PBXBuildFile; fileRef = 306B3F1129EB079200D636D5 /* JobTodayView.swift */; };
		306B3F1629EB0C6E00D636D5 /* ProfileInfoView.swift in Sources */ = {isa = PBXBuildFile; fileRef = 306B3F1529EB0C6E00D636D5 /* ProfileInfoView.swift */; };
		30A5559429E5B9150009F240 /* WorkLogApp.swift in Sources */ = {isa = PBXBuildFile; fileRef = 30A5559329E5B9150009F240 /* WorkLogApp.swift */; };
		30A5559629E5B9150009F240 /* ContentView.swift in Sources */ = {isa = PBXBuildFile; fileRef = 30A5559529E5B9150009F240 /* ContentView.swift */; };
		30A5559829E5B9160009F240 /* Assets.xcassets in Resources */ = {isa = PBXBuildFile; fileRef = 30A5559729E5B9160009F240 /* Assets.xcassets */; };
		30A5559B29E5B9160009F240 /* Preview Assets.xcassets in Resources */ = {isa = PBXBuildFile; fileRef = 30A5559A29E5B9160009F240 /* Preview Assets.xcassets */; };
		30A555A229E5B92D0009F240 /* HomeView.swift in Sources */ = {isa = PBXBuildFile; fileRef = 30A555A129E5B92D0009F240 /* HomeView.swift */; };
		30A555A629E5BE730009F240 /* ProfitLossChart.swift in Sources */ = {isa = PBXBuildFile; fileRef = 30A555A529E5BE730009F240 /* ProfitLossChart.swift */; };
		30A555A929E5E2970009F240 /* ViewModifiers.swift in Sources */ = {isa = PBXBuildFile; fileRef = 30A555A829E5E2970009F240 /* ViewModifiers.swift */; };
/* End PBXBuildFile section */

/* Begin PBXFileReference section */
		00EA722D29E97BA0003ABFFB /* Transaction.swift */ = {isa = PBXFileReference; lastKnownFileType = sourcecode.swift; path = Transaction.swift; sourceTree = "<group>"; };
		00EA722F29E97BCA003ABFFB /* TransactionViewModel.swift */ = {isa = PBXFileReference; lastKnownFileType = sourcecode.swift; path = TransactionViewModel.swift; sourceTree = "<group>"; };
		00EA723329E97D66003ABFFB /* AddTransactionView.swift */ = {isa = PBXFileReference; lastKnownFileType = sourcecode.swift; path = AddTransactionView.swift; sourceTree = "<group>"; };
		00EA723529E97F93003ABFFB /* TransactionListView.swift */ = {isa = PBXFileReference; lastKnownFileType = sourcecode.swift; path = TransactionListView.swift; sourceTree = "<group>"; };
		00EA723729E9811F003ABFFB /* TransactionHomeView.swift */ = {isa = PBXFileReference; lastKnownFileType = sourcecode.swift; path = TransactionHomeView.swift; sourceTree = "<group>"; };
		306B3EE229E897C300D636D5 /* Job.swift */ = {isa = PBXFileReference; lastKnownFileType = sourcecode.swift; path = Job.swift; sourceTree = "<group>"; };
		306B3EE529E8982F00D636D5 /* JobViewModel.swift */ = {isa = PBXFileReference; lastKnownFileType = sourcecode.swift; path = JobViewModel.swift; sourceTree = "<group>"; };
		306B3EE829E898BF00D636D5 /* AddJobView.swift */ = {isa = PBXFileReference; lastKnownFileType = sourcecode.swift; path = AddJobView.swift; sourceTree = "<group>"; };
		306B3EEA29E89A1000D636D5 /* JobListView.swift */ = {isa = PBXFileReference; lastKnownFileType = sourcecode.swift; path = JobListView.swift; sourceTree = "<group>"; };
		306B3EEE29E8A1BD00D636D5 /* HomeTabView.swift */ = {isa = PBXFileReference; lastKnownFileType = sourcecode.swift; path = HomeTabView.swift; sourceTree = "<group>"; };
		306B3EF329EAF8CD00D636D5 /* SwipeSandbox.swift */ = {isa = PBXFileReference; lastKnownFileType = sourcecode.swift; path = SwipeSandbox.swift; sourceTree = "<group>"; };
		306B3F1129EB079200D636D5 /* JobTodayView.swift */ = {isa = PBXFileReference; lastKnownFileType = sourcecode.swift; path = JobTodayView.swift; sourceTree = "<group>"; };
		306B3F1529EB0C6E00D636D5 /* ProfileInfoView.swift */ = {isa = PBXFileReference; lastKnownFileType = sourcecode.swift; path = ProfileInfoView.swift; sourceTree = "<group>"; };
		30A5559029E5B9150009F240 /* WorkLog.app */ = {isa = PBXFileReference; explicitFileType = wrapper.application; includeInIndex = 0; path = WorkLog.app; sourceTree = BUILT_PRODUCTS_DIR; };
		30A5559329E5B9150009F240 /* WorkLogApp.swift */ = {isa = PBXFileReference; lastKnownFileType = sourcecode.swift; path = WorkLogApp.swift; sourceTree = "<group>"; };
		30A5559529E5B9150009F240 /* ContentView.swift */ = {isa = PBXFileReference; lastKnownFileType = sourcecode.swift; path = ContentView.swift; sourceTree = "<group>"; };
		30A5559729E5B9160009F240 /* Assets.xcassets */ = {isa = PBXFileReference; lastKnownFileType = folder.assetcatalog; path = Assets.xcassets; sourceTree = "<group>"; };
		30A5559A29E5B9160009F240 /* Preview Assets.xcassets */ = {isa = PBXFileReference; lastKnownFileType = folder.assetcatalog; path = "Preview Assets.xcassets"; sourceTree = "<group>"; };
		30A555A129E5B92D0009F240 /* HomeView.swift */ = {isa = PBXFileReference; lastKnownFileType = sourcecode.swift; path = HomeView.swift; sourceTree = "<group>"; };
		30A555A529E5BE730009F240 /* ProfitLossChart.swift */ = {isa = PBXFileReference; lastKnownFileType = sourcecode.swift; path = ProfitLossChart.swift; sourceTree = "<group>"; };
		30A555A829E5E2970009F240 /* ViewModifiers.swift */ = {isa = PBXFileReference; lastKnownFileType = sourcecode.swift; path = ViewModifiers.swift; sourceTree = "<group>"; };
/* End PBXFileReference section */

/* Begin PBXFrameworksBuildPhase section */
		30A5558D29E5B9150009F240 /* Frameworks */ = {
			isa = PBXFrameworksBuildPhase;
			buildActionMask = 2147483647;
			files = (
				306B3EF229EAF89100D636D5 /* SwipeActions in Frameworks */,
			);
			runOnlyForDeploymentPostprocessing = 0;
		};
/* End PBXFrameworksBuildPhase section */

/* Begin PBXGroup section */
		00EA723129E97D2A003ABFFB /* Job */ = {
			isa = PBXGroup;
			children = (
				306B3EE829E898BF00D636D5 /* AddJobView.swift */,
				306B3EEA29E89A1000D636D5 /* JobListView.swift */,
				306B3F1129EB079200D636D5 /* JobTodayView.swift */,
			);
			path = Job;
			sourceTree = "<group>";
		};
		00EA723229E97D36003ABFFB /* Transaction */ = {
			isa = PBXGroup;
			children = (
				00EA723329E97D66003ABFFB /* AddTransactionView.swift */,
				00EA723529E97F93003ABFFB /* TransactionListView.swift */,
				00EA723729E9811F003ABFFB /* TransactionHomeView.swift */,
				30A555A529E5BE730009F240 /* ProfitLossChart.swift */,
			);
			path = Transaction;
			sourceTree = "<group>";
		};
		306B3EE129E897BB00D636D5 /* Models */ = {
			isa = PBXGroup;
			children = (
				306B3EE229E897C300D636D5 /* Job.swift */,
				00EA722D29E97BA0003ABFFB /* Transaction.swift */,
			);
			path = Models;
			sourceTree = "<group>";
		};
		306B3EE429E8982200D636D5 /* ViewModels */ = {
			isa = PBXGroup;
			children = (
				306B3EE529E8982F00D636D5 /* JobViewModel.swift */,
				00EA722F29E97BCA003ABFFB /* TransactionViewModel.swift */,
			);
			path = ViewModels;
			sourceTree = "<group>";
		};
		306B3EE729E898AC00D636D5 /* Views */ = {
			isa = PBXGroup;
			children = (
				306B3F1429EB0C6200D636D5 /* Profile */,
				306B3F1329EB091A00D636D5 /* Home */,
				00EA723229E97D36003ABFFB /* Transaction */,
				00EA723129E97D2A003ABFFB /* Job */,
			);
			path = Views;
			sourceTree = "<group>";
		};
		306B3F1329EB091A00D636D5 /* Home */ = {
			isa = PBXGroup;
			children = (
				306B3EEE29E8A1BD00D636D5 /* HomeTabView.swift */,
				30A555A129E5B92D0009F240 /* HomeView.swift */,
			);
			path = Home;
			sourceTree = "<group>";
		};
		306B3F1429EB0C6200D636D5 /* Profile */ = {
			isa = PBXGroup;
			children = (
				306B3F1529EB0C6E00D636D5 /* ProfileInfoView.swift */,
			);
			path = Profile;
			sourceTree = "<group>";
		};
		30A5558729E5B9150009F240 = {
			isa = PBXGroup;
			children = (
				30A5559229E5B9150009F240 /* WorkLog */,
				30A5559129E5B9150009F240 /* Products */,
			);
			sourceTree = "<group>";
		};
		30A5559129E5B9150009F240 /* Products */ = {
			isa = PBXGroup;
			children = (
				30A5559029E5B9150009F240 /* WorkLog.app */,
			);
			name = Products;
			sourceTree = "<group>";
		};
		30A5559229E5B9150009F240 /* WorkLog */ = {
			isa = PBXGroup;
			children = (
				306B3EE729E898AC00D636D5 /* Views */,
				306B3EE429E8982200D636D5 /* ViewModels */,
				306B3EE129E897BB00D636D5 /* Models */,
				30A555A729E5E2870009F240 /* Modifiers */,
				30A5559329E5B9150009F240 /* WorkLogApp.swift */,
				30A5559529E5B9150009F240 /* ContentView.swift */,
				306B3EF329EAF8CD00D636D5 /* SwipeSandbox.swift */,
				30A5559729E5B9160009F240 /* Assets.xcassets */,
				30A5559929E5B9160009F240 /* Preview Content */,
			);
			path = WorkLog;
			sourceTree = "<group>";
		};
		30A5559929E5B9160009F240 /* Preview Content */ = {
			isa = PBXGroup;
			children = (
				30A5559A29E5B9160009F240 /* Preview Assets.xcassets */,
			);
			path = "Preview Content";
			sourceTree = "<group>";
		};
		30A555A729E5E2870009F240 /* Modifiers */ = {
			isa = PBXGroup;
			children = (
				30A555A829E5E2970009F240 /* ViewModifiers.swift */,
			);
			path = Modifiers;
			sourceTree = "<group>";
		};
/* End PBXGroup section */

/* Begin PBXNativeTarget section */
		30A5558F29E5B9150009F240 /* WorkLog */ = {
			isa = PBXNativeTarget;
			buildConfigurationList = 30A5559E29E5B9160009F240 /* Build configuration list for PBXNativeTarget "WorkLog" */;
			buildPhases = (
				30A5558C29E5B9150009F240 /* Sources */,
				30A5558D29E5B9150009F240 /* Frameworks */,
				30A5558E29E5B9150009F240 /* Resources */,
			);
			buildRules = (
			);
			dependencies = (
			);
			name = WorkLog;
			packageProductDependencies = (
				306B3EF129EAF89100D636D5 /* SwipeActions */,
			);
			productName = WorkLog;
			productReference = 30A5559029E5B9150009F240 /* WorkLog.app */;
			productType = "com.apple.product-type.application";
		};
/* End PBXNativeTarget section */

/* Begin PBXProject section */
		30A5558829E5B9150009F240 /* Project object */ = {
			isa = PBXProject;
			attributes = {
				BuildIndependentTargetsInParallel = 1;
				LastSwiftUpdateCheck = 1410;
				LastUpgradeCheck = 1410;
				TargetAttributes = {
					30A5558F29E5B9150009F240 = {
						CreatedOnToolsVersion = 14.1;
					};
				};
			};
			buildConfigurationList = 30A5558B29E5B9150009F240 /* Build configuration list for PBXProject "WorkLog" */;
			compatibilityVersion = "Xcode 14.0";
			developmentRegion = en;
			hasScannedForEncodings = 0;
			knownRegions = (
				en,
				Base,
			);
			mainGroup = 30A5558729E5B9150009F240;
			packageReferences = (
				306B3EF029EAF89100D636D5 /* XCRemoteSwiftPackageReference "SwipeActions" */,
			);
			productRefGroup = 30A5559129E5B9150009F240 /* Products */;
			projectDirPath = "";
			projectRoot = "";
			targets = (
				30A5558F29E5B9150009F240 /* WorkLog */,
			);
		};
/* End PBXProject section */

/* Begin PBXResourcesBuildPhase section */
		30A5558E29E5B9150009F240 /* Resources */ = {
			isa = PBXResourcesBuildPhase;
			buildActionMask = 2147483647;
			files = (
				30A5559B29E5B9160009F240 /* Preview Assets.xcassets in Resources */,
				30A5559829E5B9160009F240 /* Assets.xcassets in Resources */,
			);
			runOnlyForDeploymentPostprocessing = 0;
		};
/* End PBXResourcesBuildPhase section */

/* Begin PBXSourcesBuildPhase section */
		30A5558C29E5B9150009F240 /* Sources */ = {
			isa = PBXSourcesBuildPhase;
			buildActionMask = 2147483647;
			files = (
				306B3F1629EB0C6E00D636D5 /* ProfileInfoView.swift in Sources */,
				00EA722E29E97BA0003ABFFB /* Transaction.swift in Sources */,
				00EA723429E97D66003ABFFB /* AddTransactionView.swift in Sources */,
				30A555A929E5E2970009F240 /* ViewModifiers.swift in Sources */,
				30A555A229E5B92D0009F240 /* HomeView.swift in Sources */,
				306B3EF429EAF8CD00D636D5 /* SwipeSandbox.swift in Sources */,
				30A5559629E5B9150009F240 /* ContentView.swift in Sources */,
				00EA723629E97F93003ABFFB /* TransactionListView.swift in Sources */,
				30A5559429E5B9150009F240 /* WorkLogApp.swift in Sources */,
				306B3EE629E8982F00D636D5 /* JobViewModel.swift in Sources */,
				00EA723829E9811F003ABFFB /* TransactionHomeView.swift in Sources */,
				306B3EEF29E8A1BD00D636D5 /* HomeTabView.swift in Sources */,
				306B3EE929E898BF00D636D5 /* AddJobView.swift in Sources */,
				306B3F1229EB079200D636D5 /* JobTodayView.swift in Sources */,
				306B3EE329E897C300D636D5 /* Job.swift in Sources */,
				306B3EEB29E89A1000D636D5 /* JobListView.swift in Sources */,
				30A555A629E5BE730009F240 /* ProfitLossChart.swift in Sources */,
				00EA723029E97BCA003ABFFB /* TransactionViewModel.swift in Sources */,
			);
			runOnlyForDeploymentPostprocessing = 0;
		};
/* End PBXSourcesBuildPhase section */

/* Begin XCBuildConfiguration section */
		30A5559C29E5B9160009F240 /* Debug */ = {
			isa = XCBuildConfiguration;
			buildSettings = {
				ALWAYS_SEARCH_USER_PATHS = NO;
				CLANG_ANALYZER_NONNULL = YES;
				CLANG_ANALYZER_NUMBER_OBJECT_CONVERSION = YES_AGGRESSIVE;
				CLANG_CXX_LANGUAGE_STANDARD = "gnu++20";
				CLANG_ENABLE_MODULES = YES;
				CLANG_ENABLE_OBJC_ARC = YES;
				CLANG_ENABLE_OBJC_WEAK = YES;
				CLANG_WARN_BLOCK_CAPTURE_AUTORELEASING = YES;
				CLANG_WARN_BOOL_CONVERSION = YES;
				CLANG_WARN_COMMA = YES;
				CLANG_WARN_CONSTANT_CONVERSION = YES;
				CLANG_WARN_DEPRECATED_OBJC_IMPLEMENTATIONS = YES;
				CLANG_WARN_DIRECT_OBJC_ISA_USAGE = YES_ERROR;
				CLANG_WARN_DOCUMENTATION_COMMENTS = YES;
				CLANG_WARN_EMPTY_BODY = YES;
				CLANG_WARN_ENUM_CONVERSION = YES;
				CLANG_WARN_INFINITE_RECURSION = YES;
				CLANG_WARN_INT_CONVERSION = YES;
				CLANG_WARN_NON_LITERAL_NULL_CONVERSION = YES;
				CLANG_WARN_OBJC_IMPLICIT_RETAIN_SELF = YES;
				CLANG_WARN_OBJC_LITERAL_CONVERSION = YES;
				CLANG_WARN_OBJC_ROOT_CLASS = YES_ERROR;
				CLANG_WARN_QUOTED_INCLUDE_IN_FRAMEWORK_HEADER = YES;
				CLANG_WARN_RANGE_LOOP_ANALYSIS = YES;
				CLANG_WARN_STRICT_PROTOTYPES = YES;
				CLANG_WARN_SUSPICIOUS_MOVE = YES;
				CLANG_WARN_UNGUARDED_AVAILABILITY = YES_AGGRESSIVE;
				CLANG_WARN_UNREACHABLE_CODE = YES;
				CLANG_WARN__DUPLICATE_METHOD_MATCH = YES;
				COPY_PHASE_STRIP = NO;
				DEBUG_INFORMATION_FORMAT = dwarf;
				ENABLE_STRICT_OBJC_MSGSEND = YES;
				ENABLE_TESTABILITY = YES;
				GCC_C_LANGUAGE_STANDARD = gnu11;
				GCC_DYNAMIC_NO_PIC = NO;
				GCC_NO_COMMON_BLOCKS = YES;
				GCC_OPTIMIZATION_LEVEL = 0;
				GCC_PREPROCESSOR_DEFINITIONS = (
					"DEBUG=1",
					"$(inherited)",
				);
				GCC_WARN_64_TO_32_BIT_CONVERSION = YES;
				GCC_WARN_ABOUT_RETURN_TYPE = YES_ERROR;
				GCC_WARN_UNDECLARED_SELECTOR = YES;
				GCC_WARN_UNINITIALIZED_AUTOS = YES_AGGRESSIVE;
				GCC_WARN_UNUSED_FUNCTION = YES;
				GCC_WARN_UNUSED_VARIABLE = YES;
				IPHONEOS_DEPLOYMENT_TARGET = 16.1;
				MTL_ENABLE_DEBUG_INFO = INCLUDE_SOURCE;
				MTL_FAST_MATH = YES;
				ONLY_ACTIVE_ARCH = YES;
				SDKROOT = iphoneos;
				SWIFT_ACTIVE_COMPILATION_CONDITIONS = DEBUG;
				SWIFT_OPTIMIZATION_LEVEL = "-Onone";
			};
			name = Debug;
		};
		30A5559D29E5B9160009F240 /* Release */ = {
			isa = XCBuildConfiguration;
			buildSettings = {
				ALWAYS_SEARCH_USER_PATHS = NO;
				CLANG_ANALYZER_NONNULL = YES;
				CLANG_ANALYZER_NUMBER_OBJECT_CONVERSION = YES_AGGRESSIVE;
				CLANG_CXX_LANGUAGE_STANDARD = "gnu++20";
				CLANG_ENABLE_MODULES = YES;
				CLANG_ENABLE_OBJC_ARC = YES;
				CLANG_ENABLE_OBJC_WEAK = YES;
				CLANG_WARN_BLOCK_CAPTURE_AUTORELEASING = YES;
				CLANG_WARN_BOOL_CONVERSION = YES;
				CLANG_WARN_COMMA = YES;
				CLANG_WARN_CONSTANT_CONVERSION = YES;
				CLANG_WARN_DEPRECATED_OBJC_IMPLEMENTATIONS = YES;
				CLANG_WARN_DIRECT_OBJC_ISA_USAGE = YES_ERROR;
				CLANG_WARN_DOCUMENTATION_COMMENTS = YES;
				CLANG_WARN_EMPTY_BODY = YES;
				CLANG_WARN_ENUM_CONVERSION = YES;
				CLANG_WARN_INFINITE_RECURSION = YES;
				CLANG_WARN_INT_CONVERSION = YES;
				CLANG_WARN_NON_LITERAL_NULL_CONVERSION = YES;
				CLANG_WARN_OBJC_IMPLICIT_RETAIN_SELF = YES;
				CLANG_WARN_OBJC_LITERAL_CONVERSION = YES;
				CLANG_WARN_OBJC_ROOT_CLASS = YES_ERROR;
				CLANG_WARN_QUOTED_INCLUDE_IN_FRAMEWORK_HEADER = YES;
				CLANG_WARN_RANGE_LOOP_ANALYSIS = YES;
				CLANG_WARN_STRICT_PROTOTYPES = YES;
				CLANG_WARN_SUSPICIOUS_MOVE = YES;
				CLANG_WARN_UNGUARDED_AVAILABILITY = YES_AGGRESSIVE;
				CLANG_WARN_UNREACHABLE_CODE = YES;
				CLANG_WARN__DUPLICATE_METHOD_MATCH = YES;
				COPY_PHASE_STRIP = NO;
				DEBUG_INFORMATION_FORMAT = "dwarf-with-dsym";
				ENABLE_NS_ASSERTIONS = NO;
				ENABLE_STRICT_OBJC_MSGSEND = YES;
				GCC_C_LANGUAGE_STANDARD = gnu11;
				GCC_NO_COMMON_BLOCKS = YES;
				GCC_WARN_64_TO_32_BIT_CONVERSION = YES;
				GCC_WARN_ABOUT_RETURN_TYPE = YES_ERROR;
				GCC_WARN_UNDECLARED_SELECTOR = YES;
				GCC_WARN_UNINITIALIZED_AUTOS = YES_AGGRESSIVE;
				GCC_WARN_UNUSED_FUNCTION = YES;
				GCC_WARN_UNUSED_VARIABLE = YES;
				IPHONEOS_DEPLOYMENT_TARGET = 16.1;
				MTL_ENABLE_DEBUG_INFO = NO;
				MTL_FAST_MATH = YES;
				SDKROOT = iphoneos;
				SWIFT_COMPILATION_MODE = wholemodule;
				SWIFT_OPTIMIZATION_LEVEL = "-O";
				VALIDATE_PRODUCT = YES;
			};
			name = Release;
		};
		30A5559F29E5B9160009F240 /* Debug */ = {
			isa = XCBuildConfiguration;
			buildSettings = {
				ASSETCATALOG_COMPILER_APPICON_NAME = AppIcon;
				ASSETCATALOG_COMPILER_GLOBAL_ACCENT_COLOR_NAME = AccentColor;
				CODE_SIGN_STYLE = Automatic;
				CURRENT_PROJECT_VERSION = 1;
				DEVELOPMENT_ASSET_PATHS = "\"WorkLog/Preview Content\"";
				DEVELOPMENT_TEAM = 9SLC94245Z;
				ENABLE_PREVIEWS = YES;
				GENERATE_INFOPLIST_FILE = YES;
				INFOPLIST_KEY_UIApplicationSceneManifest_Generation = YES;
				INFOPLIST_KEY_UIApplicationSupportsIndirectInputEvents = YES;
				INFOPLIST_KEY_UILaunchScreen_Generation = YES;
				INFOPLIST_KEY_UISupportedInterfaceOrientations_iPad = "UIInterfaceOrientationPortrait UIInterfaceOrientationPortraitUpsideDown UIInterfaceOrientationLandscapeLeft UIInterfaceOrientationLandscapeRight";
				INFOPLIST_KEY_UISupportedInterfaceOrientations_iPhone = "UIInterfaceOrientationPortrait UIInterfaceOrientationLandscapeLeft UIInterfaceOrientationLandscapeRight";
				IPHONEOS_DEPLOYMENT_TARGET = 16.0;
				LD_RUNPATH_SEARCH_PATHS = (
					"$(inherited)",
					"@executable_path/Frameworks",
				);
				MARKETING_VERSION = 1.0;
				PRODUCT_BUNDLE_IDENTIFIER = com.dannywade.WorkLog;
				PRODUCT_NAME = "$(TARGET_NAME)";
				SWIFT_EMIT_LOC_STRINGS = YES;
				SWIFT_VERSION = 5.0;
				TARGETED_DEVICE_FAMILY = "1,2";
			};
			name = Debug;
		};
		30A555A029E5B9160009F240 /* Release */ = {
			isa = XCBuildConfiguration;
			buildSettings = {
				ASSETCATALOG_COMPILER_APPICON_NAME = AppIcon;
				ASSETCATALOG_COMPILER_GLOBAL_ACCENT_COLOR_NAME = AccentColor;
				CODE_SIGN_STYLE = Automatic;
				CURRENT_PROJECT_VERSION = 1;
				DEVELOPMENT_ASSET_PATHS = "\"WorkLog/Preview Content\"";
				DEVELOPMENT_TEAM = 9SLC94245Z;
				ENABLE_PREVIEWS = YES;
				GENERATE_INFOPLIST_FILE = YES;
				INFOPLIST_KEY_UIApplicationSceneManifest_Generation = YES;
				INFOPLIST_KEY_UIApplicationSupportsIndirectInputEvents = YES;
				INFOPLIST_KEY_UILaunchScreen_Generation = YES;
				INFOPLIST_KEY_UISupportedInterfaceOrientations_iPad = "UIInterfaceOrientationPortrait UIInterfaceOrientationPortraitUpsideDown UIInterfaceOrientationLandscapeLeft UIInterfaceOrientationLandscapeRight";
				INFOPLIST_KEY_UISupportedInterfaceOrientations_iPhone = "UIInterfaceOrientationPortrait UIInterfaceOrientationLandscapeLeft UIInterfaceOrientationLandscapeRight";
				IPHONEOS_DEPLOYMENT_TARGET = 16.0;
				LD_RUNPATH_SEARCH_PATHS = (
					"$(inherited)",
					"@executable_path/Frameworks",
				);
				MARKETING_VERSION = 1.0;
				PRODUCT_BUNDLE_IDENTIFIER = com.dannywade.WorkLog;
				PRODUCT_NAME = "$(TARGET_NAME)";
				SWIFT_EMIT_LOC_STRINGS = YES;
				SWIFT_VERSION = 5.0;
				TARGETED_DEVICE_FAMILY = "1,2";
			};
			name = Release;
		};
/* End XCBuildConfiguration section */

/* Begin XCConfigurationList section */
		30A5558B29E5B9150009F240 /* Build configuration list for PBXProject "WorkLog" */ = {
			isa = XCConfigurationList;
			buildConfigurations = (
				30A5559C29E5B9160009F240 /* Debug */,
				30A5559D29E5B9160009F240 /* Release */,
			);
			defaultConfigurationIsVisible = 0;
			defaultConfigurationName = Release;
		};
		30A5559E29E5B9160009F240 /* Build configuration list for PBXNativeTarget "WorkLog" */ = {
			isa = XCConfigurationList;
			buildConfigurations = (
				30A5559F29E5B9160009F240 /* Debug */,
				30A555A029E5B9160009F240 /* Release */,
			);
			defaultConfigurationIsVisible = 0;
			defaultConfigurationName = Release;
		};
/* End XCConfigurationList section */

/* Begin XCRemoteSwiftPackageReference section */
		306B3EF029EAF89100D636D5 /* XCRemoteSwiftPackageReference "SwipeActions" */ = {
			isa = XCRemoteSwiftPackageReference;
			repositoryURL = "https://github.com/aheze/SwipeActions.git";
			requirement = {
				kind = upToNextMajorVersion;
				minimumVersion = 1.0.0;
			};
		};
/* End XCRemoteSwiftPackageReference section */

/* Begin XCSwiftPackageProductDependency section */
		306B3EF129EAF89100D636D5 /* SwipeActions */ = {
			isa = XCSwiftPackageProductDependency;
			package = 306B3EF029EAF89100D636D5 /* XCRemoteSwiftPackageReference "SwipeActions" */;
			productName = SwipeActions;
		};
/* End XCSwiftPackageProductDependency section */
	};
	rootObject = 30A5558829E5B9150009F240 /* Project object */;
}
